
Microsoft Visual Studio Solution File, Format Version 12.00
# Visual Studio Version 16
VisualStudioVersion = 16.0.31702.278
MinimumVisualStudioVersion = 10.0.40219.1
Project("{9A19103F-16F7-4668-BE54-9A1E7A4F7556}") = "Exercise1", "Exercise1\Exercise1.csproj", "{114E946B-6A65-4A10-91DC-CFEC22F16E7B}"
EndProject
Project("{9A19103F-16F7-4668-BE54-9A1E7A4F7556}") = "Exercise2", "Exercise2\Exercise2.csproj", "{7C218C66-B2CE-4DE9-AE90-66315CFAA25B}"
EndProject
Project("{2150E333-8FDC-42A3-9474-1A3956D46DE8}") = "Exercise 3", "Exercise 3", "{93848C34-68E8-4D02-A96F-19003726FD76}"
EndProject
Project("{9A19103F-16F7-4668-BE54-9A1E7A4F7556}") = "StudentsDB", "StudentsDB\StudentsDB.csproj", "{15785ABF-9C79-44ED-8D95-94BD11E60739}"
EndProject
Project("{9A19103F-16F7-4668-BE54-9A1E7A4F7556}") = "DBApplication", "DBApplication\DBApplication.csproj", "{7AE5DF68-FAA6-4B5D-9951-F65FB57B3E89}"
EndProject
Project("{2150E333-8FDC-42A3-9474-1A3956D46DE8}") = "Exercise4", "Exercise4", "{9759404F-CB71-4FEE-928D-016A4FFF895B}"
EndProject
Project("{FAE04EC0-301F-11D3-BF4B-00C04F79EFBC}") = "VouchersDB", "VouchersDB\VouchersDB.csproj", "{2289460C-3D5C-4116-85FA-D0D91A98F313}"
EndProject
Project("{FAE04EC0-301F-11D3-BF4B-00C04F79EFBC}") = "Tests", "Test\Tests.csproj", "{72A8B9C3-62B2-4BF3-9059-5EEFEA6E767B}"
EndProject
Project("{2150E333-8FDC-42A3-9474-1A3956D46DE8}") = "Exercise5", "Exercise5", "{D79B0C31-A724-43A6-894D-EA57FA6107FF}"
EndProject
Project("{2150E333-8FDC-42A3-9474-1A3956D46DE8}") = "Exercise 1", "Exercise 1", "{41DE4F84-0BCC-4851-BC40-D609F453C99B}"
EndProject
Project("{2150E333-8FDC-42A3-9474-1A3956D46DE8}") = "Exercise 2", "Exercise 2", "{BC365FBC-21D2-4D33-92F6-D04AD1F75347}"
EndProject
Project("{FAE04EC0-301F-11D3-BF4B-00C04F79EFBC}") = "ConverterCSVtoXML", "CSVtoXML\ConverterCSVtoXML.csproj", "{A6CC355B-A97B-4773-B99F-462D1F5F7F51}"
EndProject
Global
	GlobalSection(SolutionConfigurationPlatforms) = preSolution
		Debug|Any CPU = Debug|Any CPU
		Release|Any CPU = Release|Any CPU
	EndGlobalSection
	GlobalSection(ProjectConfigurationPlatforms) = postSolution
		{114E946B-6A65-4A10-91DC-CFEC22F16E7B}.Debug|Any CPU.ActiveCfg = Debug|Any CPU
		{114E946B-6A65-4A10-91DC-CFEC22F16E7B}.Debug|Any CPU.Build.0 = Debug|Any CPU
		{114E946B-6A65-4A10-91DC-CFEC22F16E7B}.Release|Any CPU.ActiveCfg = Release|Any CPU
		{114E946B-6A65-4A10-91DC-CFEC22F16E7B}.Release|Any CPU.Build.0 = Release|Any CPU
		{7C218C66-B2CE-4DE9-AE90-66315CFAA25B}.Debug|Any CPU.ActiveCfg = Debug|Any CPU
		{7C218C66-B2CE-4DE9-AE90-66315CFAA25B}.Debug|Any CPU.Build.0 = Debug|Any CPU
		{7C218C66-B2CE-4DE9-AE90-66315CFAA25B}.Release|Any CPU.ActiveCfg = Release|Any CPU
		{7C218C66-B2CE-4DE9-AE90-66315CFAA25B}.Release|Any CPU.Build.0 = Release|Any CPU
		{15785ABF-9C79-44ED-8D95-94BD11E60739}.Debug|Any CPU.ActiveCfg = Debug|Any CPU
		{15785ABF-9C79-44ED-8D95-94BD11E60739}.Debug|Any CPU.Build.0 = Debug|Any CPU
		{15785ABF-9C79-44ED-8D95-94BD11E60739}.Release|Any CPU.ActiveCfg = Release|Any CPU
		{15785ABF-9C79-44ED-8D95-94BD11E60739}.Release|Any CPU.Build.0 = Release|Any CPU
		{7AE5DF68-FAA6-4B5D-9951-F65FB57B3E89}.Debug|Any CPU.ActiveCfg = Debug|Any CPU
		{7AE5DF68-FAA6-4B5D-9951-F65FB57B3E89}.Debug|Any CPU.Build.0 = Debug|Any CPU
		{7AE5DF68-FAA6-4B5D-9951-F65FB57B3E89}.Release|Any CPU.ActiveCfg = Release|Any CPU
		{7AE5DF68-FAA6-4B5D-9951-F65FB57B3E89}.Release|Any CPU.Build.0 = Release|Any CPU
		{2289460C-3D5C-4116-85FA-D0D91A98F313}.Debug|Any CPU.ActiveCfg = Debug|Any CPU
		{2289460C-3D5C-4116-85FA-D0D91A98F313}.Debug|Any CPU.Build.0 = Debug|Any CPU
		{2289460C-3D5C-4116-85FA-D0D91A98F313}.Release|Any CPU.ActiveCfg = Release|Any CPU
		{2289460C-3D5C-4116-85FA-D0D91A98F313}.Release|Any CPU.Build.0 = Release|Any CPU
		{72A8B9C3-62B2-4BF3-9059-5EEFEA6E767B}.Debug|Any CPU.ActiveCfg = Debug|Any CPU
		{72A8B9C3-62B2-4BF3-9059-5EEFEA6E767B}.Debug|Any CPU.Build.0 = Debug|Any CPU
		{72A8B9C3-62B2-4BF3-9059-5EEFEA6E767B}.Release|Any CPU.ActiveCfg = Release|Any CPU
		{72A8B9C3-62B2-4BF3-9059-5EEFEA6E767B}.Release|Any CPU.Build.0 = Release|Any CPU
		{A6CC355B-A97B-4773-B99F-462D1F5F7F51}.Debug|Any CPU.ActiveCfg = Debug|Any CPU
		{A6CC355B-A97B-4773-B99F-462D1F5F7F51}.Debug|Any CPU.Build.0 = Debug|Any CPU
		{A6CC355B-A97B-4773-B99F-462D1F5F7F51}.Release|Any CPU.ActiveCfg = Release|Any CPU
		{A6CC355B-A97B-4773-B99F-462D1F5F7F51}.Release|Any CPU.Build.0 = Release|Any CPU
	EndGlobalSection
	GlobalSection(SolutionProperties) = preSolution
		HideSolutionNode = FALSE
	EndGlobalSection
	GlobalSection(NestedProjects) = preSolution
		{114E946B-6A65-4A10-91DC-CFEC22F16E7B} = {41DE4F84-0BCC-4851-BC40-D609F453C99B}
		{7C218C66-B2CE-4DE9-AE90-66315CFAA25B} = {BC365FBC-21D2-4D33-92F6-D04AD1F75347}
		{15785ABF-9C79-44ED-8D95-94BD11E60739} = {93848C34-68E8-4D02-A96F-19003726FD76}
		{7AE5DF68-FAA6-4B5D-9951-F65FB57B3E89} = {93848C34-68E8-4D02-A96F-19003726FD76}
		{2289460C-3D5C-4116-85FA-D0D91A98F313} = {9759404F-CB71-4FEE-928D-016A4FFF895B}
		{72A8B9C3-62B2-4BF3-9059-5EEFEA6E767B} = {9759404F-CB71-4FEE-928D-016A4FFF895B}
		{A6CC355B-A97B-4773-B99F-462D1F5F7F51} = {D79B0C31-A724-43A6-894D-EA57FA6107FF}
	EndGlobalSection
	GlobalSection(ExtensibilityGlobals) = postSolution
		SolutionGuid = {AE06EAAB-B0AB-470F-AE0F-888E752CF05F}
	EndGlobalSection
EndGlobal
