
Microsoft Visual Studio Solution File, Format Version 12.00
# Visual Studio Version 16
VisualStudioVersion = 16.0.31702.278
MinimumVisualStudioVersion = 10.0.40219.1
Project("{FAE04EC0-301F-11D3-BF4B-00C04F79EFBC}") = "GB_lesson3", "GB_lesson3.csproj", "{99652FF3-E359-4A7E-8C5A-9B648BC49124}"
EndProject
Project("{2150E333-8FDC-42A3-9474-1A3956D46DE8}") = "Solution Items", "Solution Items", "{19466A52-3507-4ED7-B476-6A0F9AEA7316}"
EndProject
Global
	GlobalSection(SolutionConfigurationPlatforms) = preSolution
		Debug|Any CPU = Debug|Any CPU
		Release|Any CPU = Release|Any CPU
	EndGlobalSection
	GlobalSection(ProjectConfigurationPlatforms) = postSolution
		{99652FF3-E359-4A7E-8C5A-9B648BC49124}.Debug|Any CPU.ActiveCfg = Debug|Any CPU
		{99652FF3-E359-4A7E-8C5A-9B648BC49124}.Debug|Any CPU.Build.0 = Debug|Any CPU
		{99652FF3-E359-4A7E-8C5A-9B648BC49124}.Release|Any CPU.ActiveCfg = Release|Any CPU
		{99652FF3-E359-4A7E-8C5A-9B648BC49124}.Release|Any CPU.Build.0 = Release|Any CPU
	EndGlobalSection
	GlobalSection(SolutionProperties) = preSolution
		HideSolutionNode = FALSE
	EndGlobalSection
	GlobalSection(ExtensibilityGlobals) = postSolution
		SolutionGuid = {E4AF34AE-B43A-4816-9C62-3E38C93C97C3}
	EndGlobalSection
EndGlobal
